
Microsoft Visual Studio Solution File, Format Version 12.00
# Visual Studio Version 17
VisualStudioVersion = 17.4.33205.214
MinimumVisualStudioVersion = 10.0.40219.1
Project("{FAE04EC0-301F-11D3-BF4B-00C04F79EFBC}") = "projGerenciadorDeCodigo", "projGerenciadorDeCodigo\projGerenciadorDeCodigo.csproj", "{249E2270-E33B-4C0B-B427-611BB6889432}"
EndProject
Global
	GlobalSection(SolutionConfigurationPlatforms) = preSolution
		Debug|Any CPU = Debug|Any CPU
		Release|Any CPU = Release|Any CPU
	EndGlobalSection
	GlobalSection(ProjectConfigurationPlatforms) = postSolution
		{249E2270-E33B-4C0B-B427-611BB6889432}.Debug|Any CPU.ActiveCfg = Debug|Any CPU
		{249E2270-E33B-4C0B-B427-611BB6889432}.Debug|Any CPU.Build.0 = Debug|Any CPU
		{249E2270-E33B-4C0B-B427-611BB6889432}.Release|Any CPU.ActiveCfg = Release|Any CPU
		{249E2270-E33B-4C0B-B427-611BB6889432}.Release|Any CPU.Build.0 = Release|Any CPU
	EndGlobalSection
	GlobalSection(SolutionProperties) = preSolution
		HideSolutionNode = FALSE
	EndGlobalSection
	GlobalSection(ExtensibilityGlobals) = postSolution
		SolutionGuid = {9FC6BCB1-39A0-4594-B98F-EA53E908B245}
	EndGlobalSection
EndGlobal
